
Microsoft Visual Studio Solution File, Format Version 12.00
# Visual Studio Version 16
VisualStudioVersion = 16.0.32126.315
MinimumVisualStudioVersion = 10.0.40219.1
Project("{FAE04EC0-301F-11D3-BF4B-00C04F79EFBC}") = "WebMvcMultiTier", "WebMvcMultiTier.csproj", "{F8358A40-72D9-4A55-933B-324EF4B6EC5B}"
EndProject
Project("{FAE04EC0-301F-11D3-BF4B-00C04F79EFBC}") = "DataAccessLayer", "..\DataAccessLayer\DataAccessLayer.csproj", "{64AC8E23-C1F8-4788-8789-7B8447AE84B8}"
EndProject
Global
	GlobalSection(SolutionConfigurationPlatforms) = preSolution
		Debug|Any CPU = Debug|Any CPU
		Release|Any CPU = Release|Any CPU
	EndGlobalSection
	GlobalSection(ProjectConfigurationPlatforms) = postSolution
		{F8358A40-72D9-4A55-933B-324EF4B6EC5B}.Debug|Any CPU.ActiveCfg = Debug|Any CPU
		{F8358A40-72D9-4A55-933B-324EF4B6EC5B}.Debug|Any CPU.Build.0 = Debug|Any CPU
		{F8358A40-72D9-4A55-933B-324EF4B6EC5B}.Release|Any CPU.ActiveCfg = Release|Any CPU
		{F8358A40-72D9-4A55-933B-324EF4B6EC5B}.Release|Any CPU.Build.0 = Release|Any CPU
		{64AC8E23-C1F8-4788-8789-7B8447AE84B8}.Debug|Any CPU.ActiveCfg = Debug|Any CPU
		{64AC8E23-C1F8-4788-8789-7B8447AE84B8}.Debug|Any CPU.Build.0 = Debug|Any CPU
		{64AC8E23-C1F8-4788-8789-7B8447AE84B8}.Release|Any CPU.ActiveCfg = Release|Any CPU
		{64AC8E23-C1F8-4788-8789-7B8447AE84B8}.Release|Any CPU.Build.0 = Release|Any CPU
	EndGlobalSection
	GlobalSection(SolutionProperties) = preSolution
		HideSolutionNode = FALSE
	EndGlobalSection
	GlobalSection(ExtensibilityGlobals) = postSolution
		SolutionGuid = {7EA1E6D3-420D-47BB-B127-5FA61D64B4B5}
	EndGlobalSection
EndGlobal
